
Microsoft Visual Studio Solution File, Format Version 12.00
# Visual Studio 15
VisualStudioVersion = 15.0.28010.2050
MinimumVisualStudioVersion = 10.0.40219.1
Project("{FAE04EC0-301F-11D3-BF4B-00C04F79EFBC}") = "RestWithASPNET", "RestWithASPNET\RestWithASPNET.csproj", "{6B0D34D5-DB22-47C4-BEC1-43109D450F5F}"
EndProject
Global
	GlobalSection(SolutionConfigurationPlatforms) = preSolution
		Debug|Any CPU = Debug|Any CPU
		Release|Any CPU = Release|Any CPU
	EndGlobalSection
	GlobalSection(ProjectConfigurationPlatforms) = postSolution
		{6B0D34D5-DB22-47C4-BEC1-43109D450F5F}.Debug|Any CPU.ActiveCfg = Debug|Any CPU
		{6B0D34D5-DB22-47C4-BEC1-43109D450F5F}.Debug|Any CPU.Build.0 = Debug|Any CPU
		{6B0D34D5-DB22-47C4-BEC1-43109D450F5F}.Release|Any CPU.ActiveCfg = Release|Any CPU
		{6B0D34D5-DB22-47C4-BEC1-43109D450F5F}.Release|Any CPU.Build.0 = Release|Any CPU
	EndGlobalSection
	GlobalSection(SolutionProperties) = preSolution
		HideSolutionNode = FALSE
	EndGlobalSection
	GlobalSection(ExtensibilityGlobals) = postSolution
		SolutionGuid = {21668342-73BD-44C0-B871-8B7A47CEFD2C}
	EndGlobalSection
EndGlobal
